
Microsoft Visual Studio Solution File, Format Version 12.00
# Visual Studio Version 16
VisualStudioVersion = 16.0.31019.35
MinimumVisualStudioVersion = 10.0.40219.1
Project("{FAE04EC0-301F-11D3-BF4B-00C04F79EFBC}") = "Exercise2PABD", "Exercise2PABD\Exercise2PABD.csproj", "{1938F474-5727-4BB7-98C2-C01CD8F09AE8}"
EndProject
Global
	GlobalSection(SolutionConfigurationPlatforms) = preSolution
		Debug|Any CPU = Debug|Any CPU
		Release|Any CPU = Release|Any CPU
	EndGlobalSection
	GlobalSection(ProjectConfigurationPlatforms) = postSolution
		{1938F474-5727-4BB7-98C2-C01CD8F09AE8}.Debug|Any CPU.ActiveCfg = Debug|Any CPU
		{1938F474-5727-4BB7-98C2-C01CD8F09AE8}.Debug|Any CPU.Build.0 = Debug|Any CPU
		{1938F474-5727-4BB7-98C2-C01CD8F09AE8}.Release|Any CPU.ActiveCfg = Release|Any CPU
		{1938F474-5727-4BB7-98C2-C01CD8F09AE8}.Release|Any CPU.Build.0 = Release|Any CPU
	EndGlobalSection
	GlobalSection(SolutionProperties) = preSolution
		HideSolutionNode = FALSE
	EndGlobalSection
	GlobalSection(ExtensibilityGlobals) = postSolution
		SolutionGuid = {6959A83A-1A93-4FDE-A2B3-17B3FCAE9DFC}
	EndGlobalSection
EndGlobal
